
Microsoft Visual Studio Solution File, Format Version 12.00
# Visual Studio Version 17
VisualStudioVersion = 17.12.35514.174 d17.12
MinimumVisualStudioVersion = 10.0.40219.1
Project("{FAE04EC0-301F-11D3-BF4B-00C04F79EFBC}") = "Presentation.Console.MainApp", "Presentation.Console.MainApp\Presentation.Console.MainApp.csproj", "{1DF351FA-82E6-4723-A5F7-193B6EC20164}"
EndProject
Project("{FAE04EC0-301F-11D3-BF4B-00C04F79EFBC}") = "Busniess", "Busniess\Busniess.csproj", "{9119FFA4-237A-4980-A516-EC0C17F09555}"
EndProject
Global
	GlobalSection(SolutionConfigurationPlatforms) = preSolution
		Debug|Any CPU = Debug|Any CPU
		Release|Any CPU = Release|Any CPU
	EndGlobalSection
	GlobalSection(ProjectConfigurationPlatforms) = postSolution
		{1DF351FA-82E6-4723-A5F7-193B6EC20164}.Debug|Any CPU.ActiveCfg = Debug|Any CPU
		{1DF351FA-82E6-4723-A5F7-193B6EC20164}.Debug|Any CPU.Build.0 = Debug|Any CPU
		{1DF351FA-82E6-4723-A5F7-193B6EC20164}.Release|Any CPU.ActiveCfg = Release|Any CPU
		{1DF351FA-82E6-4723-A5F7-193B6EC20164}.Release|Any CPU.Build.0 = Release|Any CPU
		{9119FFA4-237A-4980-A516-EC0C17F09555}.Debug|Any CPU.ActiveCfg = Debug|Any CPU
		{9119FFA4-237A-4980-A516-EC0C17F09555}.Debug|Any CPU.Build.0 = Debug|Any CPU
		{9119FFA4-237A-4980-A516-EC0C17F09555}.Release|Any CPU.ActiveCfg = Release|Any CPU
		{9119FFA4-237A-4980-A516-EC0C17F09555}.Release|Any CPU.Build.0 = Release|Any CPU
	EndGlobalSection
	GlobalSection(SolutionProperties) = preSolution
		HideSolutionNode = FALSE
	EndGlobalSection
EndGlobal
